
Microsoft Visual Studio Solution File, Format Version 12.00
# Visual Studio Version 17
VisualStudioVersion = 17.14.37314.3 d17.14
MinimumVisualStudioVersion = 10.0.40219.1
Project("{FAE04EC0-301F-11D3-BF4B-00C04F79EFBC}") = "Actividad 6", "Actividad 6\Actividad 6.csproj", "{4D5B4062-D220-471E-AFAA-054308DD315A}"
EndProject
Global
	GlobalSection(SolutionConfigurationPlatforms) = preSolution
		Debug|Any CPU = Debug|Any CPU
		Release|Any CPU = Release|Any CPU
	EndGlobalSection
	GlobalSection(ProjectConfigurationPlatforms) = postSolution
		{4D5B4062-D220-471E-AFAA-054308DD315A}.Debug|Any CPU.ActiveCfg = Debug|Any CPU
		{4D5B4062-D220-471E-AFAA-054308DD315A}.Debug|Any CPU.Build.0 = Debug|Any CPU
		{4D5B4062-D220-471E-AFAA-054308DD315A}.Release|Any CPU.ActiveCfg = Release|Any CPU
		{4D5B4062-D220-471E-AFAA-054308DD315A}.Release|Any CPU.Build.0 = Release|Any CPU
	EndGlobalSection
	GlobalSection(SolutionProperties) = preSolution
		HideSolutionNode = FALSE
	EndGlobalSection
	GlobalSection(ExtensibilityGlobals) = postSolution
		SolutionGuid = {185F1873-56CB-4D69-A745-02613CF5E429}
	EndGlobalSection
EndGlobal
