
Microsoft Visual Studio Solution File, Format Version 12.00
# Visual Studio Version 17
VisualStudioVersion = 17.14.37314.3 d17.14
MinimumVisualStudioVersion = 10.0.40219.1
Project("{FAE04EC0-301F-11D3-BF4B-00C04F79EFBC}") = "Actividad 7", "Actividad 7\Actividad 7.csproj", "{D31A086D-7208-45DA-BEF0-68DDD164336A}"
EndProject
Global
	GlobalSection(SolutionConfigurationPlatforms) = preSolution
		Debug|Any CPU = Debug|Any CPU
		Release|Any CPU = Release|Any CPU
	EndGlobalSection
	GlobalSection(ProjectConfigurationPlatforms) = postSolution
		{D31A086D-7208-45DA-BEF0-68DDD164336A}.Debug|Any CPU.ActiveCfg = Debug|Any CPU
		{D31A086D-7208-45DA-BEF0-68DDD164336A}.Debug|Any CPU.Build.0 = Debug|Any CPU
		{D31A086D-7208-45DA-BEF0-68DDD164336A}.Release|Any CPU.ActiveCfg = Release|Any CPU
		{D31A086D-7208-45DA-BEF0-68DDD164336A}.Release|Any CPU.Build.0 = Release|Any CPU
	EndGlobalSection
	GlobalSection(SolutionProperties) = preSolution
		HideSolutionNode = FALSE
	EndGlobalSection
	GlobalSection(ExtensibilityGlobals) = postSolution
		SolutionGuid = {520FFBA5-C12A-4FE9-9851-5103EF033F00}
	EndGlobalSection
EndGlobal
