
Microsoft Visual Studio Solution File, Format Version 12.00
# Visual Studio Version 17
VisualStudioVersion = 17.14.37314.3 d17.14
MinimumVisualStudioVersion = 10.0.40219.1
Project("{FAE04EC0-301F-11D3-BF4B-00C04F79EFBC}") = "Actividad 2", "Actividad 2\Actividad 2.csproj", "{9F8BA76B-571F-4DD3-B0ED-EF1E2AECBFE9}"
EndProject
Global
	GlobalSection(SolutionConfigurationPlatforms) = preSolution
		Debug|Any CPU = Debug|Any CPU
		Release|Any CPU = Release|Any CPU
	EndGlobalSection
	GlobalSection(ProjectConfigurationPlatforms) = postSolution
		{9F8BA76B-571F-4DD3-B0ED-EF1E2AECBFE9}.Debug|Any CPU.ActiveCfg = Debug|Any CPU
		{9F8BA76B-571F-4DD3-B0ED-EF1E2AECBFE9}.Debug|Any CPU.Build.0 = Debug|Any CPU
		{9F8BA76B-571F-4DD3-B0ED-EF1E2AECBFE9}.Release|Any CPU.ActiveCfg = Release|Any CPU
		{9F8BA76B-571F-4DD3-B0ED-EF1E2AECBFE9}.Release|Any CPU.Build.0 = Release|Any CPU
	EndGlobalSection
	GlobalSection(SolutionProperties) = preSolution
		HideSolutionNode = FALSE
	EndGlobalSection
	GlobalSection(ExtensibilityGlobals) = postSolution
		SolutionGuid = {A407ED71-3B63-44E8-A627-F812D9BC2EDB}
	EndGlobalSection
EndGlobal
